
Microsoft Visual Studio Solution File, Format Version 12.00
# Visual Studio Version 17
VisualStudioVersion = 17.0.31903.59
MinimumVisualStudioVersion = 10.0.40219.1
Project("{FAE04EC0-301F-11D3-BF4B-00C04F79EFBC}") = "Clase1", "Clase1\Clase1.csproj", "{6FD5DBA1-9B27-4EAE-BAB4-54AEF3CA8D1E}"
EndProject
Project("{FAE04EC0-301F-11D3-BF4B-00C04F79EFBC}") = "TestProject1", "TestProject1\TestProject1.csproj", "{548B063C-B3EA-4699-BAC5-198D2677ADE7}"
EndProject
Global
	GlobalSection(SolutionConfigurationPlatforms) = preSolution
		Debug|Any CPU = Debug|Any CPU
		Release|Any CPU = Release|Any CPU
	EndGlobalSection
	GlobalSection(SolutionProperties) = preSolution
		HideSolutionNode = FALSE
	EndGlobalSection
	GlobalSection(ProjectConfigurationPlatforms) = postSolution
		{6FD5DBA1-9B27-4EAE-BAB4-54AEF3CA8D1E}.Debug|Any CPU.ActiveCfg = Debug|Any CPU
		{6FD5DBA1-9B27-4EAE-BAB4-54AEF3CA8D1E}.Debug|Any CPU.Build.0 = Debug|Any CPU
		{6FD5DBA1-9B27-4EAE-BAB4-54AEF3CA8D1E}.Release|Any CPU.ActiveCfg = Release|Any CPU
		{6FD5DBA1-9B27-4EAE-BAB4-54AEF3CA8D1E}.Release|Any CPU.Build.0 = Release|Any CPU
		{548B063C-B3EA-4699-BAC5-198D2677ADE7}.Debug|Any CPU.ActiveCfg = Debug|Any CPU
		{548B063C-B3EA-4699-BAC5-198D2677ADE7}.Debug|Any CPU.Build.0 = Debug|Any CPU
		{548B063C-B3EA-4699-BAC5-198D2677ADE7}.Release|Any CPU.ActiveCfg = Release|Any CPU
		{548B063C-B3EA-4699-BAC5-198D2677ADE7}.Release|Any CPU.Build.0 = Release|Any CPU
	EndGlobalSection
EndGlobal
